Microsoft Visual Studio Solution File, Format Version 12.00
# Visual Studio Version 17
VisualStudioVersion = 17.6.33829.357
MinimumVisualStudioVersion = 10.0.40219.1
Project("{9A19103F-16F7-4668-BE54-9A1E7A4F7556}") = "PlayerList", "PlayerList.csproj", "{7CFFD0F7-1CEE-46F9-93B4-B4B1FF4B0391}"
EndProject
Global
	GlobalSection(SolutionConfigurationPlatforms) = preSolution
		Debug|Any CPU = Debug|Any CPU
		Release|Any CPU = Release|Any CPU
	EndGlobalSection
	GlobalSection(ProjectConfigurationPlatforms) = postSolution
		{7CFFD0F7-1CEE-46F9-93B4-B4B1FF4B0391}.Debug|Any CPU.ActiveCfg = Debug|Any CPU
		{7CFFD0F7-1CEE-46F9-93B4-B4B1FF4B0391}.Debug|Any CPU.Build.0 = Debug|Any CPU
		{7CFFD0F7-1CEE-46F9-93B4-B4B1FF4B0391}.Release|Any CPU.ActiveCfg = Release|Any CPU
		{7CFFD0F7-1CEE-46F9-93B4-B4B1FF4B0391}.Release|Any CPU.Build.0 = Release|Any CPU
	EndGlobalSection
	GlobalSection(SolutionProperties) = preSolution
		HideSolutionNode = FALSE
	EndGlobalSection
	GlobalSection(ExtensibilityGlobals) = postSolution
		SolutionGuid = {88020F7A-FA6C-49EA-B70B-05AF24D2E4C8}
	EndGlobalSection
EndGlobal
